
Microsoft Visual Studio Solution File, Format Version 12.00
# Visual Studio Version 16
VisualStudioVersion = 16.0.30114.105
MinimumVisualStudioVersion = 10.0.40219.1
Project("{FAE04EC0-301F-11D3-BF4B-00C04F79EFBC}") = "Producer", "Producer\Producer.csproj", "{61FFF5C5-E0C3-4AC3-887C-5BBF22DE028D}"
EndProject
Project("{FAE04EC0-301F-11D3-BF4B-00C04F79EFBC}") = "Consumer", "Consumer\Consumer.csproj", "{4C2CC13A-1F13-49F7-8166-E6AB1884AAA7}"
EndProject
Global
	GlobalSection(SolutionConfigurationPlatforms) = preSolution
		Debug|Any CPU = Debug|Any CPU
		Release|Any CPU = Release|Any CPU
	EndGlobalSection
	GlobalSection(SolutionProperties) = preSolution
		HideSolutionNode = FALSE
	EndGlobalSection
	GlobalSection(ProjectConfigurationPlatforms) = postSolution
		{61FFF5C5-E0C3-4AC3-887C-5BBF22DE028D}.Debug|Any CPU.ActiveCfg = Debug|Any CPU
		{61FFF5C5-E0C3-4AC3-887C-5BBF22DE028D}.Debug|Any CPU.Build.0 = Debug|Any CPU
		{61FFF5C5-E0C3-4AC3-887C-5BBF22DE028D}.Release|Any CPU.ActiveCfg = Release|Any CPU
		{61FFF5C5-E0C3-4AC3-887C-5BBF22DE028D}.Release|Any CPU.Build.0 = Release|Any CPU
		{4C2CC13A-1F13-49F7-8166-E6AB1884AAA7}.Debug|Any CPU.ActiveCfg = Debug|Any CPU
		{4C2CC13A-1F13-49F7-8166-E6AB1884AAA7}.Debug|Any CPU.Build.0 = Debug|Any CPU
		{4C2CC13A-1F13-49F7-8166-E6AB1884AAA7}.Release|Any CPU.ActiveCfg = Release|Any CPU
		{4C2CC13A-1F13-49F7-8166-E6AB1884AAA7}.Release|Any CPU.Build.0 = Release|Any CPU
	EndGlobalSection
EndGlobal
