
Microsoft Visual Studio Solution File, Format Version 12.00
# Visual Studio Version 17
VisualStudioVersion = 17.5.002.0
MinimumVisualStudioVersion = 10.0.40219.1
Project("{9A19103F-16F7-4668-BE54-9A1E7A4F7556}") = "MigrationsWeatherAPI", "MigrationsWeatherAPI.csproj", "{72AFD093-EBA6-4416-8F63-4FA52F491F3F}"
EndProject
Global
	GlobalSection(SolutionConfigurationPlatforms) = preSolution
		Debug|Any CPU = Debug|Any CPU
		Release|Any CPU = Release|Any CPU
	EndGlobalSection
	GlobalSection(ProjectConfigurationPlatforms) = postSolution
		{72AFD093-EBA6-4416-8F63-4FA52F491F3F}.Debug|Any CPU.ActiveCfg = Debug|Any CPU
		{72AFD093-EBA6-4416-8F63-4FA52F491F3F}.Debug|Any CPU.Build.0 = Debug|Any CPU
		{72AFD093-EBA6-4416-8F63-4FA52F491F3F}.Release|Any CPU.ActiveCfg = Release|Any CPU
		{72AFD093-EBA6-4416-8F63-4FA52F491F3F}.Release|Any CPU.Build.0 = Release|Any CPU
	EndGlobalSection
	GlobalSection(SolutionProperties) = preSolution
		HideSolutionNode = FALSE
	EndGlobalSection
	GlobalSection(ExtensibilityGlobals) = postSolution
		SolutionGuid = {342F4340-CB2E-4B84-B254-0E6CB2141970}
	EndGlobalSection
EndGlobal
